
Microsoft Visual Studio Solution File, Format Version 12.00
# Visual Studio Version 17
VisualStudioVersion = 17.4.33103.184
MinimumVisualStudioVersion = 10.0.40219.1
Project("{FAE04EC0-301F-11D3-BF4B-00C04F79EFBC}") = "webapi.inlock.tarde.dbFirst", "webapi.inlock.tarde.dbFirst.csproj", "{D4905F9B-31D3-401B-BA2C-476C87349428}"
EndProject
Global
	GlobalSection(SolutionConfigurationPlatforms) = preSolution
		Debug|Any CPU = Debug|Any CPU
		Release|Any CPU = Release|Any CPU
	EndGlobalSection
	GlobalSection(ProjectConfigurationPlatforms) = postSolution
		{D4905F9B-31D3-401B-BA2C-476C87349428}.Debug|Any CPU.ActiveCfg = Debug|Any CPU
		{D4905F9B-31D3-401B-BA2C-476C87349428}.Debug|Any CPU.Build.0 = Debug|Any CPU
		{D4905F9B-31D3-401B-BA2C-476C87349428}.Release|Any CPU.ActiveCfg = Release|Any CPU
		{D4905F9B-31D3-401B-BA2C-476C87349428}.Release|Any CPU.Build.0 = Release|Any CPU
	EndGlobalSection
	GlobalSection(SolutionProperties) = preSolution
		HideSolutionNode = FALSE
	EndGlobalSection
	GlobalSection(ExtensibilityGlobals) = postSolution
		SolutionGuid = {E30F3C18-C0C4-477D-BE4E-1F96F7E21B4A}
	EndGlobalSection
EndGlobal
