
Microsoft Visual Studio Solution File, Format Version 12.00
# Visual Studio Version 17
VisualStudioVersion = 17.4.33103.184
MinimumVisualStudioVersion = 10.0.40219.1
Project("{FAE04EC0-301F-11D3-BF4B-00C04F79EFBC}") = "webapi.event+.tarde", "webapi.event+.tarde.csproj", "{4CAB2078-562A-4E86-BA80-41B813FFA8B5}"
EndProject
Global
	GlobalSection(SolutionConfigurationPlatforms) = preSolution
		Debug|Any CPU = Debug|Any CPU
		Release|Any CPU = Release|Any CPU
	EndGlobalSection
	GlobalSection(ProjectConfigurationPlatforms) = postSolution
		{4CAB2078-562A-4E86-BA80-41B813FFA8B5}.Debug|Any CPU.ActiveCfg = Debug|Any CPU
		{4CAB2078-562A-4E86-BA80-41B813FFA8B5}.Debug|Any CPU.Build.0 = Debug|Any CPU
		{4CAB2078-562A-4E86-BA80-41B813FFA8B5}.Release|Any CPU.ActiveCfg = Release|Any CPU
		{4CAB2078-562A-4E86-BA80-41B813FFA8B5}.Release|Any CPU.Build.0 = Release|Any CPU
	EndGlobalSection
	GlobalSection(SolutionProperties) = preSolution
		HideSolutionNode = FALSE
	EndGlobalSection
	GlobalSection(ExtensibilityGlobals) = postSolution
		SolutionGuid = {D29E22F5-E09B-4E68-B210-AC93C7F8BFF5}
	EndGlobalSection
EndGlobal
