
Microsoft Visual Studio Solution File, Format Version 12.00
# Visual Studio Version 17
VisualStudioVersion = 17.4.33103.184
MinimumVisualStudioVersion = 10.0.40219.1
Project("{FAE04EC0-301F-11D3-BF4B-00C04F79EFBC}") = "senai.inlock.webApi", "senai.inlock.webApi.csproj", "{A8591DF6-D176-442C-9BA6-4F26B1013F39}"
EndProject
Global
	GlobalSection(SolutionConfigurationPlatforms) = preSolution
		Debug|Any CPU = Debug|Any CPU
		Release|Any CPU = Release|Any CPU
	EndGlobalSection
	GlobalSection(ProjectConfigurationPlatforms) = postSolution
		{A8591DF6-D176-442C-9BA6-4F26B1013F39}.Debug|Any CPU.ActiveCfg = Debug|Any CPU
		{A8591DF6-D176-442C-9BA6-4F26B1013F39}.Debug|Any CPU.Build.0 = Debug|Any CPU
		{A8591DF6-D176-442C-9BA6-4F26B1013F39}.Release|Any CPU.ActiveCfg = Release|Any CPU
		{A8591DF6-D176-442C-9BA6-4F26B1013F39}.Release|Any CPU.Build.0 = Release|Any CPU
	EndGlobalSection
	GlobalSection(SolutionProperties) = preSolution
		HideSolutionNode = FALSE
	EndGlobalSection
	GlobalSection(ExtensibilityGlobals) = postSolution
		SolutionGuid = {E39EDCF2-0984-4E01-8C4D-9CC6B0D3E7A6}
	EndGlobalSection
EndGlobal
